
Microsoft Visual Studio Solution File, Format Version 12.00
# Visual Studio Version 16
VisualStudioVersion = 16.0.30114.105
MinimumVisualStudioVersion = 10.0.40219.1
Project("{9A19103F-16F7-4668-BE54-9A1E7A4F7556}") = "UserTestsREST", "UserTestsREST\UserTestsREST.csproj", "{21D2FEE5-F541-4F23-8284-85DA4AADC9B0}"
EndProject
Project("{9A19103F-16F7-4668-BE54-9A1E7A4F7556}") = "UserTestsDataLayer", "UserTestsDataLayer\UserTestsDataLayer.csproj", "{812A967D-5459-4558-92F4-2C6F13456192}"
EndProject
Project("{9A19103F-16F7-4668-BE54-9A1E7A4F7556}") = "UserTestsBusinessLayer", "UserTestsBusinessLayer\UserTestsBusinessLayer.csproj", "{A43460AF-081E-45A1-9453-44AA7346A1C5}"
EndProject
Project("{9A19103F-16F7-4668-BE54-9A1E7A4F7556}") = "UserTestsModels", "UserTestsModels\UserTestsModels.csproj", "{3D5364B8-E330-429C-8DFA-AC6217BA1440}"
EndProject
Project("{9A19103F-16F7-4668-BE54-9A1E7A4F7556}") = "UTTests", "UTTests\UTTests.csproj", "{C691FF71-6745-49CA-B4BA-CF2A3EF84F19}"
EndProject
Global
	GlobalSection(SolutionConfigurationPlatforms) = preSolution
		Debug|Any CPU = Debug|Any CPU
		Debug|x64 = Debug|x64
		Debug|x86 = Debug|x86
		Release|Any CPU = Release|Any CPU
		Release|x64 = Release|x64
		Release|x86 = Release|x86
	EndGlobalSection
	GlobalSection(ProjectConfigurationPlatforms) = postSolution
		{21D2FEE5-F541-4F23-8284-85DA4AADC9B0}.Debug|Any CPU.ActiveCfg = Debug|Any CPU
		{21D2FEE5-F541-4F23-8284-85DA4AADC9B0}.Debug|Any CPU.Build.0 = Debug|Any CPU
		{21D2FEE5-F541-4F23-8284-85DA4AADC9B0}.Debug|x64.ActiveCfg = Debug|Any CPU
		{21D2FEE5-F541-4F23-8284-85DA4AADC9B0}.Debug|x64.Build.0 = Debug|Any CPU
		{21D2FEE5-F541-4F23-8284-85DA4AADC9B0}.Debug|x86.ActiveCfg = Debug|Any CPU
		{21D2FEE5-F541-4F23-8284-85DA4AADC9B0}.Debug|x86.Build.0 = Debug|Any CPU
		{21D2FEE5-F541-4F23-8284-85DA4AADC9B0}.Release|Any CPU.ActiveCfg = Release|Any CPU
		{21D2FEE5-F541-4F23-8284-85DA4AADC9B0}.Release|Any CPU.Build.0 = Release|Any CPU
		{21D2FEE5-F541-4F23-8284-85DA4AADC9B0}.Release|x64.ActiveCfg = Release|Any CPU
		{21D2FEE5-F541-4F23-8284-85DA4AADC9B0}.Release|x64.Build.0 = Release|Any CPU
		{21D2FEE5-F541-4F23-8284-85DA4AADC9B0}.Release|x86.ActiveCfg = Release|Any CPU
		{21D2FEE5-F541-4F23-8284-85DA4AADC9B0}.Release|x86.Build.0 = Release|Any CPU
		{812A967D-5459-4558-92F4-2C6F13456192}.Debug|Any CPU.ActiveCfg = Debug|Any CPU
		{812A967D-5459-4558-92F4-2C6F13456192}.Debug|Any CPU.Build.0 = Debug|Any CPU
		{812A967D-5459-4558-92F4-2C6F13456192}.Debug|x64.ActiveCfg = Debug|Any CPU
		{812A967D-5459-4558-92F4-2C6F13456192}.Debug|x64.Build.0 = Debug|Any CPU
		{812A967D-5459-4558-92F4-2C6F13456192}.Debug|x86.ActiveCfg = Debug|Any CPU
		{812A967D-5459-4558-92F4-2C6F13456192}.Debug|x86.Build.0 = Debug|Any CPU
		{812A967D-5459-4558-92F4-2C6F13456192}.Release|Any CPU.ActiveCfg = Release|Any CPU
		{812A967D-5459-4558-92F4-2C6F13456192}.Release|Any CPU.Build.0 = Release|Any CPU
		{812A967D-5459-4558-92F4-2C6F13456192}.Release|x64.ActiveCfg = Release|Any CPU
		{812A967D-5459-4558-92F4-2C6F13456192}.Release|x64.Build.0 = Release|Any CPU
		{812A967D-5459-4558-92F4-2C6F13456192}.Release|x86.ActiveCfg = Release|Any CPU
		{812A967D-5459-4558-92F4-2C6F13456192}.Release|x86.Build.0 = Release|Any CPU
		{A43460AF-081E-45A1-9453-44AA7346A1C5}.Debug|Any CPU.ActiveCfg = Debug|Any CPU
		{A43460AF-081E-45A1-9453-44AA7346A1C5}.Debug|Any CPU.Build.0 = Debug|Any CPU
		{A43460AF-081E-45A1-9453-44AA7346A1C5}.Debug|x64.ActiveCfg = Debug|Any CPU
		{A43460AF-081E-45A1-9453-44AA7346A1C5}.Debug|x64.Build.0 = Debug|Any CPU
		{A43460AF-081E-45A1-9453-44AA7346A1C5}.Debug|x86.ActiveCfg = Debug|Any CPU
		{A43460AF-081E-45A1-9453-44AA7346A1C5}.Debug|x86.Build.0 = Debug|Any CPU
		{A43460AF-081E-45A1-9453-44AA7346A1C5}.Release|Any CPU.ActiveCfg = Release|Any CPU
		{A43460AF-081E-45A1-9453-44AA7346A1C5}.Release|Any CPU.Build.0 = Release|Any CPU
		{A43460AF-081E-45A1-9453-44AA7346A1C5}.Release|x64.ActiveCfg = Release|Any CPU
		{A43460AF-081E-45A1-9453-44AA7346A1C5}.Release|x64.Build.0 = Release|Any CPU
		{A43460AF-081E-45A1-9453-44AA7346A1C5}.Release|x86.ActiveCfg = Release|Any CPU
		{A43460AF-081E-45A1-9453-44AA7346A1C5}.Release|x86.Build.0 = Release|Any CPU
		{3D5364B8-E330-429C-8DFA-AC6217BA1440}.Debug|Any CPU.ActiveCfg = Debug|Any CPU
		{3D5364B8-E330-429C-8DFA-AC6217BA1440}.Debug|Any CPU.Build.0 = Debug|Any CPU
		{3D5364B8-E330-429C-8DFA-AC6217BA1440}.Debug|x64.ActiveCfg = Debug|Any CPU
		{3D5364B8-E330-429C-8DFA-AC6217BA1440}.Debug|x64.Build.0 = Debug|Any CPU
		{3D5364B8-E330-429C-8DFA-AC6217BA1440}.Debug|x86.ActiveCfg = Debug|Any CPU
		{3D5364B8-E330-429C-8DFA-AC6217BA1440}.Debug|x86.Build.0 = Debug|Any CPU
		{3D5364B8-E330-429C-8DFA-AC6217BA1440}.Release|Any CPU.ActiveCfg = Release|Any CPU
		{3D5364B8-E330-429C-8DFA-AC6217BA1440}.Release|Any CPU.Build.0 = Release|Any CPU
		{3D5364B8-E330-429C-8DFA-AC6217BA1440}.Release|x64.ActiveCfg = Release|Any CPU
		{3D5364B8-E330-429C-8DFA-AC6217BA1440}.Release|x64.Build.0 = Release|Any CPU
		{3D5364B8-E330-429C-8DFA-AC6217BA1440}.Release|x86.ActiveCfg = Release|Any CPU
		{3D5364B8-E330-429C-8DFA-AC6217BA1440}.Release|x86.Build.0 = Release|Any CPU
		{C691FF71-6745-49CA-B4BA-CF2A3EF84F19}.Debug|Any CPU.ActiveCfg = Debug|Any CPU
		{C691FF71-6745-49CA-B4BA-CF2A3EF84F19}.Debug|Any CPU.Build.0 = Debug|Any CPU
		{C691FF71-6745-49CA-B4BA-CF2A3EF84F19}.Debug|x64.ActiveCfg = Debug|Any CPU
		{C691FF71-6745-49CA-B4BA-CF2A3EF84F19}.Debug|x64.Build.0 = Debug|Any CPU
		{C691FF71-6745-49CA-B4BA-CF2A3EF84F19}.Debug|x86.ActiveCfg = Debug|Any CPU
		{C691FF71-6745-49CA-B4BA-CF2A3EF84F19}.Debug|x86.Build.0 = Debug|Any CPU
		{C691FF71-6745-49CA-B4BA-CF2A3EF84F19}.Release|Any CPU.ActiveCfg = Release|Any CPU
		{C691FF71-6745-49CA-B4BA-CF2A3EF84F19}.Release|Any CPU.Build.0 = Release|Any CPU
		{C691FF71-6745-49CA-B4BA-CF2A3EF84F19}.Release|x64.ActiveCfg = Release|Any CPU
		{C691FF71-6745-49CA-B4BA-CF2A3EF84F19}.Release|x64.Build.0 = Release|Any CPU
		{C691FF71-6745-49CA-B4BA-CF2A3EF84F19}.Release|x86.ActiveCfg = Release|Any CPU
		{C691FF71-6745-49CA-B4BA-CF2A3EF84F19}.Release|x86.Build.0 = Release|Any CPU
	EndGlobalSection
	GlobalSection(SolutionProperties) = preSolution
		HideSolutionNode = FALSE
	EndGlobalSection
	GlobalSection(ExtensibilityGlobals) = postSolution
		SolutionGuid = {FDD0E320-1791-4728-A6F1-5EDC934C56E2}
	EndGlobalSection
EndGlobal
